
Microsoft Visual Studio Solution File, Format Version 12.00
# Visual Studio Version 17
VisualStudioVersion = 17.14.36310.24 d17.14
MinimumVisualStudioVersion = 10.0.40219.1
Project("{FAE04EC0-301F-11D3-BF4B-00C04F79EFBC}") = "embed-truetype-font-in-pdf", "embed-truetype-font-in-pdf.csproj", "{6C5BB3D5-BADC-4291-A7D6-F68C39F76DE3}"
EndProject
Global
	GlobalSection(SolutionConfigurationPlatforms) = preSolution
		Debug|Any CPU = Debug|Any CPU
		Release|Any CPU = Release|Any CPU
	EndGlobalSection
	GlobalSection(ProjectConfigurationPlatforms) = postSolution
		{6C5BB3D5-BADC-4291-A7D6-F68C39F76DE3}.Debug|Any CPU.ActiveCfg = Debug|Any CPU
		{6C5BB3D5-BADC-4291-A7D6-F68C39F76DE3}.Debug|Any CPU.Build.0 = Debug|Any CPU
		{6C5BB3D5-BADC-4291-A7D6-F68C39F76DE3}.Release|Any CPU.ActiveCfg = Release|Any CPU
		{6C5BB3D5-BADC-4291-A7D6-F68C39F76DE3}.Release|Any CPU.Build.0 = Release|Any CPU
	EndGlobalSection
	GlobalSection(SolutionProperties) = preSolution
		HideSolutionNode = FALSE
	EndGlobalSection
	GlobalSection(ExtensibilityGlobals) = postSolution
		SolutionGuid = {6BE8BF3A-3281-4EAF-8741-D847189346C2}
	EndGlobalSection
EndGlobal
