
Microsoft Visual Studio Solution File, Format Version 12.00
# Visual Studio Version 17
VisualStudioVersion = 17.14.36310.24 d17.14
MinimumVisualStudioVersion = 10.0.40219.1
Project("{FAE04EC0-301F-11D3-BF4B-00C04F79EFBC}") = "complex-script-text-in-pdf", "complex-script-text-in-pdf.csproj", "{803E16D2-04A2-41D0-B115-A9797A04737F}"
EndProject
Global
	GlobalSection(SolutionConfigurationPlatforms) = preSolution
		Debug|Any CPU = Debug|Any CPU
		Release|Any CPU = Release|Any CPU
	EndGlobalSection
	GlobalSection(ProjectConfigurationPlatforms) = postSolution
		{803E16D2-04A2-41D0-B115-A9797A04737F}.Debug|Any CPU.ActiveCfg = Debug|Any CPU
		{803E16D2-04A2-41D0-B115-A9797A04737F}.Debug|Any CPU.Build.0 = Debug|Any CPU
		{803E16D2-04A2-41D0-B115-A9797A04737F}.Release|Any CPU.ActiveCfg = Release|Any CPU
		{803E16D2-04A2-41D0-B115-A9797A04737F}.Release|Any CPU.Build.0 = Release|Any CPU
	EndGlobalSection
	GlobalSection(SolutionProperties) = preSolution
		HideSolutionNode = FALSE
	EndGlobalSection
	GlobalSection(ExtensibilityGlobals) = postSolution
		SolutionGuid = {F4AA9EDE-625E-4A02-8BE3-1314EAEF6834}
	EndGlobalSection
EndGlobal
